PODS:
  - BTNavigationDropdownMenu (0.4.1)
  - DatePickerDialog (1.1.7)
  - Kingfisher (3.6.0)
  - PagingMenuController (1.4.0)
  - SCLAlertView (0.7.0)

DEPENDENCIES:
  - BTNavigationDropdownMenu (from `https://github.com/PhamBaTho/BTNavigationDropdownMenu.git`, branch `swift-3.0`)
  - DatePickerDialog
  - Kingfisher (~> 3.0)
  - PagingMenuController
  - SCLAlertView

EXTERNAL SOURCES:
  BTNavigationDropdownMenu:
    :branch: swift-3.0
    :git: https://github.com/PhamBaTho/BTNavigationDropdownMenu.git

CHECKOUT OPTIONS:
  BTNavigationDropdownMenu:
    :commit: 2c08c8579cf7a53ecb3dbf578e6e1034080a9859
    :git: https://github.com/PhamBaTho/BTNavigationDropdownMenu.git

SPEC CHECKSUMS:
  BTNavigationDropdownMenu: 093f3cbfad1572f2c222bdf8d17584d1e13380d4
  DatePickerDialog: bd5e7e92e4da2c6a8966b28d5f5d8f335d6c2c63
  Kingfisher: 300035f9a40634dc9b452d946c9f22250688fecd
  PagingMenuController: 79a9ce7472839d9afd0a6b879af6132822644a47
  SCLAlertView: 8a14ffc40590c619e183eed2298b854385f30be1

PODFILE CHECKSUM: d8c0f84e8dfaea9361c5ca8592c07e21c911a0cb

COCOAPODS: 1.2.0
